# This file is autogenerated, do not edit; changes may be undone by the next 'dep ensure'.


[[projects]]
  branch = "master"
  name = "github.com/StackExchange/wmi"
  packages = ["."]
  revision = "ea383cf3ba6ec950874b8486cd72356d007c768f"

[[projects]]
  name = "github.com/derekparker/delve"
  packages = ["cmd/dlv","cmd/dlv/cmds","pkg/config","pkg/dwarf/frame","pkg/dwarf/line","pkg/dwarf/op","pkg/dwarf/reader","pkg/dwarf/util","pkg/proc","pkg/target","pkg/terminal","pkg/version","service","service/api","service/debugger","service/rpc1","service/rpc2","service/rpccommon"]
  revision = "f6057161606f66f1197c96ad8b6a9580ee1bb68b"
  version = "v0.12.2"

[[projects]]
  name = "github.com/go-ole/go-ole"
  packages = [".","oleutil"]
  revision = "0e87ea779d9deb219633b828a023b32e1244dd57"
  version = "v1.2.0"

[[projects]]
  name = "github.com/inconshreveable/mousetrap"
  packages = ["."]
  revision = "76626ae9c91c4f2a10f34cad8ce83ea42c93bb75"
  version = "v1.0"

[[projects]]
  name = "github.com/mattn/go-colorable"
  packages = ["."]
  revision = "941b50ebc6efddf4c41c8e4537a5f68a4e686b24"
  version = "v0.0.8"

[[projects]]
  name = "github.com/mattn/go-isatty"
  packages = ["."]
  revision = "fc9e8d8ef48496124e79ae0df75490096eccf6fe"
  version = "v0.0.2"

[[projects]]
  branch = "master"
  name = "github.com/peterh/liner"
  packages = ["."]
  revision = "88609521dc4b6c858fd4c98b628147da928ce4ac"

[[projects]]
  name = "github.com/shirou/gopsutil"
  packages = ["cpu","host","internal/common","mem","net","process"]
  revision = "aa0a3bce9d1f4efc710ed812f19f77851da2eedd"
  version = "v2.17.06"

[[projects]]
  branch = "master"
  name = "github.com/shirou/w32"
  packages = ["."]
  revision = "bb4de0191aa41b5507caa14b0650cdbddcd9280b"

[[projects]]
  branch = "master"
  name = "github.com/spf13/cobra"
  packages = ["."]
  revision = "b26b538f693051ac6518e65672de3144ce3fbedc"

[[projects]]
  name = "github.com/spf13/pflag"
  packages = ["."]
  revision = "e57e3eeb33f795204c1ca35f56c44f83227c6e66"
  version = "v1.0.0"

[[projects]]
  branch = "master"
  name = "golang.org/x/debug"
  packages = ["dwarf","elf","macho"]
  revision = "e48e17184ecf6cd503223592fb27874c510e44f7"

[[projects]]
  branch = "master"
  name = "golang.org/x/sys"
  packages = ["unix","windows"]
  revision = "0f826bdd13b500be0f1d4004938ad978fcc6031e"

[[projects]]
  branch = "v2"
  name = "gopkg.in/yaml.v2"
  packages = ["."]
  revision = "25c4ec802a7d637f88d584ab26798e94ad14c13b"

[[projects]]
  branch = "master"
  name = "rsc.io/x86"
  packages = ["x86asm"]
  revision = "01d8f0379593fd888e08a4c4057d69f5765ab2e4"

[solve-meta]
  analyzer-name = "dep"
  analyzer-version = 1
  inputs-digest = "466ac288a109450a33643ad67e02ca059e120a9e432568309d0722d869e7c4b7"
  solver-name = "gps-cdcl"
  solver-version = 1
